// !$*UTF8*$!
{
	archiveVersion = 1;
	classes = {
	};
	objectVersion = 46;
	objects = {

/* Begin PBXBuildFile section */
		D3038B7F15C80D65009EE23D /* ListaContatosViewController.m in Sources */ = {isa = PBXBuildFile; fileRef = D3038B7E15C80D65009EE23D /* ListaContatosViewController.m */; };
		D34A0FF515C6FB6D00346376 /* UIKit.framework in Frameworks */ = {isa = PBXBuildFile; fileRef = D34A0FF415C6FB6D00346376 /* UIKit.framework */; };
		D34A0FF715C6FB6D00346376 /* Foundation.framework in Frameworks */ = {isa = PBXBuildFile; fileRef = D34A0FF615C6FB6D00346376 /* Foundation.framework */; };
		D34A0FF915C6FB6D00346376 /* CoreGraphics.framework in Frameworks */ = {isa = PBXBuildFile; fileRef = D34A0FF815C6FB6D00346376 /* CoreGraphics.framework */; };
		D34A0FFF15C6FB6D00346376 /* InfoPlist.strings in Resources */ = {isa = PBXBuildFile; fileRef = D34A0FFD15C6FB6D00346376 /* InfoPlist.strings */; };
		D34A100115C6FB6D00346376 /* main.m in Sources */ = {isa = PBXBuildFile; fileRef = D34A100015C6FB6D00346376 /* main.m */; };
		D34A100515C6FB6D00346376 /* AppDelegate.m in Sources */ = {isa = PBXBuildFile; fileRef = D34A100415C6FB6D00346376 /* AppDelegate.m */; };
		D34A100E15C6FCF600346376 /* FormularioContatoViewConroller.m in Sources */ = {isa = PBXBuildFile; fileRef = D34A100C15C6FCF600346376 /* FormularioContatoViewConroller.m */; };
		D34A100F15C6FCF600346376 /* FormularioContatoViewConroller.xib in Resources */ = {isa = PBXBuildFile; fileRef = D34A100D15C6FCF600346376 /* FormularioContatoViewConroller.xib */; };
		D34A101215C7193C00346376 /* Contato.m in Sources */ = {isa = PBXBuildFile; fileRef = D34A101115C7193C00346376 /* Contato.m */; };
		D37E1A8015C9AA2300DB2269 /* MessageUI.framework in Frameworks */ = {isa = PBXBuildFile; fileRef = D3AFF43615C9A239007B204B /* MessageUI.framework */; };
		D38ECC6C15CABC49005BE2B0 /* MapKit.framework in Frameworks */ = {isa = PBXBuildFile; fileRef = D38ECC6B15CABC49005BE2B0 /* MapKit.framework */; };
		D3A816FB15CAC773000C910A /* Default.png in Resources */ = {isa = PBXBuildFile; fileRef = D3A816F215CAC773000C910A /* Default.png */; };
		D3A816FC15CAC773000C910A /* Default@2x.png in Resources */ = {isa = PBXBuildFile; fileRef = D3A816F315CAC773000C910A /* Default@2x.png */; };
		D3A816FD15CAC773000C910A /* gps.png in Resources */ = {isa = PBXBuildFile; fileRef = D3A816F415CAC773000C910A /* gps.png */; };
		D3A816FE15CAC773000C910A /* gps@2x.png in Resources */ = {isa = PBXBuildFile; fileRef = D3A816F515CAC773000C910A /* gps@2x.png */; };
		D3A816FF15CAC773000C910A /* lista-contatos.png in Resources */ = {isa = PBXBuildFile; fileRef = D3A816F615CAC773000C910A /* lista-contatos.png */; };
		D3A8170015CAC773000C910A /* lista-contatos@2x.png in Resources */ = {isa = PBXBuildFile; fileRef = D3A816F715CAC773000C910A /* lista-contatos@2x.png */; };
		D3A8170115CAC773000C910A /* mapa-contatos.png in Resources */ = {isa = PBXBuildFile; fileRef = D3A816F815CAC773000C910A /* mapa-contatos.png */; };
		D3A8170215CAC773000C910A /* mapa-contatos@2x.png in Resources */ = {isa = PBXBuildFile; fileRef = D3A816F915CAC773000C910A /* mapa-contatos@2x.png */; };
		D3A8170315CAC773000C910A /* Vila Mariana.gpx in Resources */ = {isa = PBXBuildFile; fileRef = D3A816FA15CAC773000C910A /* Vila Mariana.gpx */; };
		D3A8170B15CACA6C000C910A /* ContatosNoMapaViewController.m in Sources */ = {isa = PBXBuildFile; fileRef = D3A8170A15CACA6C000C910A /* ContatosNoMapaViewController.m */; };
		D3A8170D15CACA77000C910A /* ContatosNoMapaViewController.xib in Resources */ = {isa = PBXBuildFile; fileRef = D3A8170C15CACA77000C910A /* ContatosNoMapaViewController.xib */; };
		D3ACCB6015C9B5DB00C32359 /* Twitter.framework in Frameworks */ = {isa = PBXBuildFile; fileRef = D3ACCB5F15C9B5DB00C32359 /* Twitter.framework */; };
		D3D4DC9615C86D53004D67C2 /* Localizable.strings in Resources */ = {isa = PBXBuildFile; fileRef = D3D4DC9815C86D53004D67C2 /* Localizable.strings */; };
/* End PBXBuildFile section */

/* Begin PBXFileReference section */
		D3038B7D15C80D65009EE23D /* ListaContatosViewController.h */ = {isa = PBXFileReference; fileEncoding = 4; lastKnownFileType = sourcecode.c.h; path = ListaContatosViewController.h; sourceTree = "<group>"; };
		D3038B7E15C80D65009EE23D /* ListaContatosViewController.m */ = {isa = PBXFileReference; fileEncoding = 4; lastKnownFileType = sourcecode.c.objc; path = ListaContatosViewController.m; sourceTree = "<group>"; };
		D34A0FF015C6FB6D00346376 /* ContatosIP67.app */ = {isa = PBXFileReference; explicitFileType = wrapper.application; includeInIndex = 0; path = ContatosIP67.app; sourceTree = BUILT_PRODUCTS_DIR; };
		D34A0FF415C6FB6D00346376 /* UIKit.framework */ = {isa = PBXFileReference; lastKnownFileType = wrapper.framework; name = UIKit.framework; path = System/Library/Frameworks/UIKit.framework; sourceTree = SDKROOT; };
		D34A0FF615C6FB6D00346376 /* Foundation.framework */ = {isa = PBXFileReference; lastKnownFileType = wrapper.framework; name = Foundation.framework; path = System/Library/Frameworks/Foundation.framework; sourceTree = SDKROOT; };
		D34A0FF815C6FB6D00346376 /* CoreGraphics.framework */ = {isa = PBXFileReference; lastKnownFileType = wrapper.framework; name = CoreGraphics.framework; path = System/Library/Frameworks/CoreGraphics.framework; sourceTree = SDKROOT; };
		D34A0FFC15C6FB6D00346376 /* ContatosIP67-Info.plist */ = {isa = PBXFileReference; lastKnownFileType = text.plist.xml; path = "ContatosIP67-Info.plist"; sourceTree = "<group>"; };
		D34A0FFE15C6FB6D00346376 /* en */ = {isa = PBXFileReference; lastKnownFileType = text.plist.strings; name = en; path = en.lproj/InfoPlist.strings; sourceTree = "<group>"; };
		D34A100015C6FB6D00346376 /* main.m */ = {isa = PBXFileReference; lastKnownFileType = sourcecode.c.objc; path = main.m; sourceTree = "<group>"; };
		D34A100215C6FB6D00346376 /* ContatosIP67-Prefix.pch */ = {isa = PBXFileReference; lastKnownFileType = sourcecode.c.h; path = "ContatosIP67-Prefix.pch"; sourceTree = "<group>"; };
		D34A100315C6FB6D00346376 /* AppDelegate.h */ = {isa = PBXFileReference; lastKnownFileType = sourcecode.c.h; path = AppDelegate.h; sourceTree = "<group>"; };
		D34A100415C6FB6D00346376 /* AppDelegate.m */ = {isa = PBXFileReference; lastKnownFileType = sourcecode.c.objc; path = AppDelegate.m; sourceTree = "<group>"; };
		D34A100B15C6FCF600346376 /* FormularioContatoViewConroller.h */ = {isa = PBXFileReference; fileEncoding = 4; lastKnownFileType = sourcecode.c.h; path = FormularioContatoViewConroller.h; sourceTree = "<group>"; };
		D34A100C15C6FCF600346376 /* FormularioContatoViewConroller.m */ = {isa = PBXFileReference; fileEncoding = 4; lastKnownFileType = sourcecode.c.objc; path = FormularioContatoViewConroller.m; sourceTree = "<group>"; };
		D34A100D15C6FCF600346376 /* FormularioContatoViewConroller.xib */ = {isa = PBXFileReference; fileEncoding = 4; lastKnownFileType = file.xib; path = FormularioContatoViewConroller.xib; sourceTree = "<group>"; };
		D34A101015C7193C00346376 /* Contato.h */ = {isa = PBXFileReference; fileEncoding = 4; lastKnownFileType = sourcecode.c.h; path = Contato.h; sourceTree = "<group>"; };
		D34A101115C7193C00346376 /* Contato.m */ = {isa = PBXFileReference; fileEncoding = 4; lastKnownFileType = sourcecode.c.objc; path = Contato.m; sourceTree = "<group>"; };
		D38ECC6B15CABC49005BE2B0 /* MapKit.framework */ = {isa = PBXFileReference; lastKnownFileType = wrapper.framework; name = MapKit.framework; path = System/Library/Frameworks/MapKit.framework; sourceTree = SDKROOT; };
		D3A816F215CAC773000C910A /* Default.png */ = {isa = PBXFileReference; lastKnownFileType = image.png; path = Default.png; sourceTree = "<group>"; };
		D3A816F315CAC773000C910A /* Default@2x.png */ = {isa = PBXFileReference; lastKnownFileType = image.png; path = "Default@2x.png"; sourceTree = "<group>"; };
		D3A816F415CAC773000C910A /* gps.png */ = {isa = PBXFileReference; lastKnownFileType = image.png; path = gps.png; sourceTree = "<group>"; };
		D3A816F515CAC773000C910A /* gps@2x.png */ = {isa = PBXFileReference; lastKnownFileType = image.png; path = "gps@2x.png"; sourceTree = "<group>"; };
		D3A816F615CAC773000C910A /* lista-contatos.png */ = {isa = PBXFileReference; lastKnownFileType = image.png; path = "lista-contatos.png"; sourceTree = "<group>"; };
		D3A816F715CAC773000C910A /* lista-contatos@2x.png */ = {isa = PBXFileReference; lastKnownFileType = image.png; path = "lista-contatos@2x.png"; sourceTree = "<group>"; };
		D3A816F815CAC773000C910A /* mapa-contatos.png */ = {isa = PBXFileReference; lastKnownFileType = image.png; path = "mapa-contatos.png"; sourceTree = "<group>"; };
		D3A816F915CAC773000C910A /* mapa-contatos@2x.png */ = {isa = PBXFileReference; lastKnownFileType = image.png; path = "mapa-contatos@2x.png"; sourceTree = "<group>"; };
		D3A816FA15CAC773000C910A /* Vila Mariana.gpx */ = {isa = PBXFileReference; fileEncoding = 4; lastKnownFileType = text.xml; path = "Vila Mariana.gpx"; sourceTree = "<group>"; };
		D3A8170815CACA5F000C910A /* ContatosNoMapaViewController.h */ = {isa = PBXFileReference; fileEncoding = 4; lastKnownFileType = sourcecode.c.h; path = ContatosNoMapaViewController.h; sourceTree = "<group>"; };
		D3A8170A15CACA6C000C910A /* ContatosNoMapaViewController.m */ = {isa = PBXFileReference; fileEncoding = 4; lastKnownFileType = sourcecode.c.objc; path = ContatosNoMapaViewController.m; sourceTree = "<group>"; };
		D3A8170C15CACA77000C910A /* ContatosNoMapaViewController.xib */ = {isa = PBXFileReference; fileEncoding = 4; lastKnownFileType = file.xib; path = ContatosNoMapaViewController.xib; sourceTree = "<group>"; };
		D3ACCB5F15C9B5DB00C32359 /* Twitter.framework */ = {isa = PBXFileReference; lastKnownFileType = wrapper.framework; name = Twitter.framework; path = System/Library/Frameworks/Twitter.framework; sourceTree = SDKROOT; };
		D3AFF43615C9A239007B204B /* MessageUI.framework */ = {isa = PBXFileReference; lastKnownFileType = wrapper.framework; name = MessageUI.framework; path = System/Library/Frameworks/MessageUI.framework; sourceTree = SDKROOT; };
		D3D4492F15C974B300BE4B06 /* ListaContatosProtocol.h */ = {isa = PBXFileReference; fileEncoding = 4; lastKnownFileType = sourcecode.c.h; path = ListaContatosProtocol.h; sourceTree = "<group>"; };
		D3D4DC9215C86CC0004D67C2 /* pt */ = {isa = PBXFileReference; lastKnownFileType = text.plist.strings; name = pt; path = /Users/ios2984/Desktop/ContatosIP67/ContatosIP67/pt.lproj/InfoPlist.strings; sourceTree = "<absolute>"; };
		D3D4DC9715C86D53004D67C2 /* en */ = {isa = PBXFileReference; lastKnownFileType = text.plist.strings; name = en; path = en.lproj/Localizable.strings; sourceTree = "<group>"; };
		D3D4DC9915C86D58004D67C2 /* pt */ = {isa = PBXFileReference; lastKnownFileType = text.plist.strings; name = pt; path = pt.lproj/Localizable.strings; sourceTree = "<group>"; };
/* End PBXFileReference section */

/* Begin PBXFrameworksBuildPhase section */
		D34A0FED15C6FB6D00346376 /* Frameworks */ = {
			isa = PBXFrameworksBuildPhase;
			buildActionMask = 2147483647;
			files = (
				D38ECC6C15CABC49005BE2B0 /* MapKit.framework in Frameworks */,
				D3ACCB6015C9B5DB00C32359 /* Twitter.framework in Frameworks */,
				D37E1A8015C9AA2300DB2269 /* MessageUI.framework in Frameworks */,
				D34A0FF515C6FB6D00346376 /* UIKit.framework in Frameworks */,
				D34A0FF715C6FB6D00346376 /* Foundation.framework in Frameworks */,
				D34A0FF915C6FB6D00346376 /* CoreGraphics.framework in Frameworks */,
			);
			runOnlyForDeploymentPostprocessing = 0;
		};
/* End PBXFrameworksBuildPhase section */

/* Begin PBXGroup section */
		D34A0FE515C6FB6D00346376 = {
			isa = PBXGroup;
			children = (
				D34A0FFA15C6FB6D00346376 /* ContatosIP67 */,
				D34A0FF315C6FB6D00346376 /* Frameworks */,
				D34A0FF115C6FB6D00346376 /* Products */,
			);
			sourceTree = "<group>";
		};
		D34A0FF115C6FB6D00346376 /* Products */ = {
			isa = PBXGroup;
			children = (
				D34A0FF015C6FB6D00346376 /* ContatosIP67.app */,
			);
			name = Products;
			sourceTree = "<group>";
		};
		D34A0FF315C6FB6D00346376 /* Frameworks */ = {
			isa = PBXGroup;
			children = (
				D38ECC6B15CABC49005BE2B0 /* MapKit.framework */,
				D3ACCB5F15C9B5DB00C32359 /* Twitter.framework */,
				D3AFF43615C9A239007B204B /* MessageUI.framework */,
				D34A0FF415C6FB6D00346376 /* UIKit.framework */,
				D34A0FF615C6FB6D00346376 /* Foundation.framework */,
				D34A0FF815C6FB6D00346376 /* CoreGraphics.framework */,
			);
			name = Frameworks;
			sourceTree = "<group>";
		};
		D34A0FFA15C6FB6D00346376 /* ContatosIP67 */ = {
			isa = PBXGroup;
			children = (
				D3A816F015CAC773000C910A /* arquivos */,
				D34A100415C6FB6D00346376 /* AppDelegate.m */,
				D34A100315C6FB6D00346376 /* AppDelegate.h */,
				D3D4493515C9853900BE4B06 /* Model */,
				D3D4493815C985C600BE4B06 /* Protocol */,
				D3D4493715C985BD00BE4B06 /* Controller */,
				D3D4493615C985B500BE4B06 /* View */,
				D34A0FFB15C6FB6D00346376 /* Supporting Files */,
			);
			path = ContatosIP67;
			sourceTree = "<group>";
		};
		D34A0FFB15C6FB6D00346376 /* Supporting Files */ = {
			isa = PBXGroup;
			children = (
				D34A0FFC15C6FB6D00346376 /* ContatosIP67-Info.plist */,
				D34A0FFD15C6FB6D00346376 /* InfoPlist.strings */,
				D34A100015C6FB6D00346376 /* main.m */,
				D34A100215C6FB6D00346376 /* ContatosIP67-Prefix.pch */,
				D3D4DC9815C86D53004D67C2 /* Localizable.strings */,
			);
			name = "Supporting Files";
			sourceTree = "<group>";
		};
		D3A816F015CAC773000C910A /* arquivos */ = {
			isa = PBXGroup;
			children = (
				D3A816F115CAC773000C910A /* imagens */,
				D3A816FA15CAC773000C910A /* Vila Mariana.gpx */,
			);
			path = arquivos;
			sourceTree = "<group>";
		};
		D3A816F115CAC773000C910A /* imagens */ = {
			isa = PBXGroup;
			children = (
				D3A816F215CAC773000C910A /* Default.png */,
				D3A816F315CAC773000C910A /* Default@2x.png */,
				D3A816F415CAC773000C910A /* gps.png */,
				D3A816F515CAC773000C910A /* gps@2x.png */,
				D3A816F615CAC773000C910A /* lista-contatos.png */,
				D3A816F715CAC773000C910A /* lista-contatos@2x.png */,
				D3A816F815CAC773000C910A /* mapa-contatos.png */,
				D3A816F915CAC773000C910A /* mapa-contatos@2x.png */,
			);
			path = imagens;
			sourceTree = "<group>";
		};
		D3D4493515C9853900BE4B06 /* Model */ = {
			isa = PBXGroup;
			children = (
				D34A101015C7193C00346376 /* Contato.h */,
				D34A101115C7193C00346376 /* Contato.m */,
			);
			name = Model;
			sourceTree = "<group>";
		};
		D3D4493615C985B500BE4B06 /* View */ = {
			isa = PBXGroup;
			children = (
				D3A8170C15CACA77000C910A /* ContatosNoMapaViewController.xib */,
				D34A100D15C6FCF600346376 /* FormularioContatoViewConroller.xib */,
			);
			name = View;
			sourceTree = "<group>";
		};
		D3D4493715C985BD00BE4B06 /* Controller */ = {
			isa = PBXGroup;
			children = (
				D3A8170A15CACA6C000C910A /* ContatosNoMapaViewController.m */,
				D3A8170815CACA5F000C910A /* ContatosNoMapaViewController.h */,
				D34A100C15C6FCF600346376 /* FormularioContatoViewConroller.m */,
				D3038B7D15C80D65009EE23D /* ListaContatosViewController.h */,
				D3038B7E15C80D65009EE23D /* ListaContatosViewController.m */,
				D34A100B15C6FCF600346376 /* FormularioContatoViewConroller.h */,
			);
			name = Controller;
			sourceTree = "<group>";
		};
		D3D4493815C985C600BE4B06 /* Protocol */ = {
			isa = PBXGroup;
			children = (
				D3D4492F15C974B300BE4B06 /* ListaContatosProtocol.h */,
			);
			name = Protocol;
			sourceTree = "<group>";
		};
/* End PBXGroup section */

/* Begin PBXNativeTarget section */
		D34A0FEF15C6FB6D00346376 /* ContatosIP67 */ = {
			isa = PBXNativeTarget;
			buildConfigurationList = D34A100815C6FB6D00346376 /* Build configuration list for PBXNativeTarget "ContatosIP67" */;
			buildPhases = (
				D34A0FEC15C6FB6D00346376 /* Sources */,
				D34A0FED15C6FB6D00346376 /* Frameworks */,
				D34A0FEE15C6FB6D00346376 /* Resources */,
			);
			buildRules = (
			);
			dependencies = (
			);
			name = ContatosIP67;
			productName = ContatosIP67;
			productReference = D34A0FF015C6FB6D00346376 /* ContatosIP67.app */;
			productType = "com.apple.product-type.application";
		};
/* End PBXNativeTarget section */

/* Begin PBXProject section */
		D34A0FE715C6FB6D00346376 /* Project object */ = {
			isa = PBXProject;
			attributes = {
				LastUpgradeCheck = 0420;
			};
			buildConfigurationList = D34A0FEA15C6FB6D00346376 /* Build configuration list for PBXProject "ContatosIP67" */;
			compatibilityVersion = "Xcode 3.2";
			developmentRegion = English;
			hasScannedForEncodings = 0;
			knownRegions = (
				en,
				pt,
			);
			mainGroup = D34A0FE515C6FB6D00346376;
			productRefGroup = D34A0FF115C6FB6D00346376 /* Products */;
			projectDirPath = "";
			projectRoot = "";
			targets = (
				D34A0FEF15C6FB6D00346376 /* ContatosIP67 */,
			);
		};
/* End PBXProject section */

/* Begin PBXResourcesBuildPhase section */
		D34A0FEE15C6FB6D00346376 /* Resources */ = {
			isa = PBXResourcesBuildPhase;
			buildActionMask = 2147483647;
			files = (
				D34A0FFF15C6FB6D00346376 /* InfoPlist.strings in Resources */,
				D34A100F15C6FCF600346376 /* FormularioContatoViewConroller.xib in Resources */,
				D3D4DC9615C86D53004D67C2 /* Localizable.strings in Resources */,
				D3A816FB15CAC773000C910A /* Default.png in Resources */,
				D3A816FC15CAC773000C910A /* Default@2x.png in Resources */,
				D3A816FD15CAC773000C910A /* gps.png in Resources */,
				D3A816FE15CAC773000C910A /* gps@2x.png in Resources */,
				D3A816FF15CAC773000C910A /* lista-contatos.png in Resources */,
				D3A8170015CAC773000C910A /* lista-contatos@2x.png in Resources */,
				D3A8170115CAC773000C910A /* mapa-contatos.png in Resources */,
				D3A8170215CAC773000C910A /* mapa-contatos@2x.png in Resources */,
				D3A8170315CAC773000C910A /* Vila Mariana.gpx in Resources */,
				D3A8170D15CACA77000C910A /* ContatosNoMapaViewController.xib in Resources */,
			);
			runOnlyForDeploymentPostprocessing = 0;
		};
/* End PBXResourcesBuildPhase section */

/* Begin PBXSourcesBuildPhase section */
		D34A0FEC15C6FB6D00346376 /* Sources */ = {
			isa = PBXSourcesBuildPhase;
			buildActionMask = 2147483647;
			files = (
				D34A100115C6FB6D00346376 /* main.m in Sources */,
				D34A100515C6FB6D00346376 /* AppDelegate.m in Sources */,
				D34A100E15C6FCF600346376 /* FormularioContatoViewConroller.m in Sources */,
				D34A101215C7193C00346376 /* Contato.m in Sources */,
				D3038B7F15C80D65009EE23D /* ListaContatosViewController.m in Sources */,
				D3A8170B15CACA6C000C910A /* ContatosNoMapaViewController.m in Sources */,
			);
			runOnlyForDeploymentPostprocessing = 0;
		};
/* End PBXSourcesBuildPhase section */

/* Begin PBXVariantGroup section */
		D34A0FFD15C6FB6D00346376 /* InfoPlist.strings */ = {
			isa = PBXVariantGroup;
			children = (
				D34A0FFE15C6FB6D00346376 /* en */,
				D3D4DC9215C86CC0004D67C2 /* pt */,
			);
			name = InfoPlist.strings;
			sourceTree = "<group>";
		};
		D3D4DC9815C86D53004D67C2 /* Localizable.strings */ = {
			isa = PBXVariantGroup;
			children = (
				D3D4DC9715C86D53004D67C2 /* en */,
				D3D4DC9915C86D58004D67C2 /* pt */,
			);
			name = Localizable.strings;
			sourceTree = "<group>";
		};
/* End PBXVariantGroup section */

/* Begin XCBuildConfiguration section */
		D34A100615C6FB6D00346376 /* Debug */ = {
			isa = XCBuildConfiguration;
			buildSettings = {
				ALWAYS_SEARCH_USER_PATHS = NO;
				ARCHS = "$(ARCHS_STANDARD_32_BIT)";
				CLANG_ENABLE_OBJC_ARC = YES;
				"CODE_SIGN_IDENTITY[sdk=iphoneos*]" = "iPhone Developer";
				COPY_PHASE_STRIP = NO;
				GCC_C_LANGUAGE_STANDARD = gnu99;
				GCC_DYNAMIC_NO_PIC = NO;
				GCC_OPTIMIZATION_LEVEL = 0;
				GCC_PREPROCESSOR_DEFINITIONS = (
					"DEBUG=1",
					"$(inherited)",
				);
				GCC_SYMBOLS_PRIVATE_EXTERN = NO;
				GCC_VERSION = com.apple.compilers.llvm.clang.1_0;
				GCC_WARN_ABOUT_MISSING_PROTOTYPES = YES;
				GCC_WARN_ABOUT_RETURN_TYPE = YES;
				GCC_WARN_UNUSED_VARIABLE = YES;
				IPHONEOS_DEPLOYMENT_TARGET = 5.0;
				SDKROOT = iphoneos;
			};
			name = Debug;
		};
		D34A100715C6FB6D00346376 /* Release */ = {
			isa = XCBuildConfiguration;
			buildSettings = {
				ALWAYS_SEARCH_USER_PATHS = NO;
				ARCHS = "$(ARCHS_STANDARD_32_BIT)";
				CLANG_ENABLE_OBJC_ARC = YES;
				"CODE_SIGN_IDENTITY[sdk=iphoneos*]" = "iPhone Developer";
				COPY_PHASE_STRIP = YES;
				GCC_C_LANGUAGE_STANDARD = gnu99;
				GCC_VERSION = com.apple.compilers.llvm.clang.1_0;
				GCC_WARN_ABOUT_MISSING_PROTOTYPES = YES;
				GCC_WARN_ABOUT_RETURN_TYPE = YES;
				GCC_WARN_UNUSED_VARIABLE = YES;
				IPHONEOS_DEPLOYMENT_TARGET = 5.0;
				OTHER_CFLAGS = "-DNS_BLOCK_ASSERTIONS=1";
				SDKROOT = iphoneos;
				VALIDATE_PRODUCT = YES;
			};
			name = Release;
		};
		D34A100915C6FB6D00346376 /* Debug */ = {
			isa = XCBuildConfiguration;
			buildSettings = {
				GCC_PRECOMPILE_PREFIX_HEADER = YES;
				GCC_PREFIX_HEADER = "ContatosIP67/ContatosIP67-Prefix.pch";
				INFOPLIST_FILE = "ContatosIP67/ContatosIP67-Info.plist";
				PRODUCT_NAME = "$(TARGET_NAME)";
				WRAPPER_EXTENSION = app;
			};
			name = Debug;
		};
		D34A100A15C6FB6D00346376 /* Release */ = {
			isa = XCBuildConfiguration;
			buildSettings = {
				GCC_PRECOMPILE_PREFIX_HEADER = YES;
				GCC_PREFIX_HEADER = "ContatosIP67/ContatosIP67-Prefix.pch";
				INFOPLIST_FILE = "ContatosIP67/ContatosIP67-Info.plist";
				PRODUCT_NAME = "$(TARGET_NAME)";
				WRAPPER_EXTENSION = app;
			};
			name = Release;
		};
/* End XCBuildConfiguration section */

/* Begin XCConfigurationList section */
		D34A0FEA15C6FB6D00346376 /* Build configuration list for PBXProject "ContatosIP67" */ = {
			isa = XCConfigurationList;
			buildConfigurations = (
				D34A100615C6FB6D00346376 /* Debug */,
				D34A100715C6FB6D00346376 /* Release */,
			);
			defaultConfigurationIsVisible = 0;
			defaultConfigurationName = Release;
		};
		D34A100815C6FB6D00346376 /* Build configuration list for PBXNativeTarget "ContatosIP67" */ = {
			isa = XCConfigurationList;
			buildConfigurations = (
				D34A100915C6FB6D00346376 /* Debug */,
				D34A100A15C6FB6D00346376 /* Release */,
			);
			defaultConfigurationIsVisible = 0;
			defaultConfigurationName = Release;
		};
/* End XCConfigurationList section */
	};
	rootObject = D34A0FE715C6FB6D00346376 /* Project object */;
}
